// !$*UTF8*$!
{
	archiveVersion = 1;
	classes = {
	};
	objectVersion = 46;
	objects = {

/* Begin PBXBuildFile section */
		700925291E8A9D93000F2677 /* AppDelegate.swift in Sources */ = {isa = PBXBuildFile; fileRef = 700925281E8A9D93000F2677 /* AppDelegate.swift */; };
		7009252B1E8A9D93000F2677 /* ViewController.swift in Sources */ = {isa = PBXBuildFile; fileRef = 7009252A1E8A9D93000F2677 /* ViewController.swift */; };
		7009252E1E8A9D93000F2677 /* Main.storyboard in Resources */ = {isa = PBXBuildFile; fileRef = 7009252C1E8A9D93000F2677 /* Main.storyboard */; };
		700925301E8A9D93000F2677 /* Assets.xcassets in Resources */ = {isa = PBXBuildFile; fileRef = 7009252F1E8A9D93000F2677 /* Assets.xcassets */; };
		700925331E8A9D93000F2677 /* LaunchScreen.storyboard in Resources */ = {isa = PBXBuildFile; fileRef = 700925311E8A9D93000F2677 /* LaunchScreen.storyboard */; };
		700925401E8AA0B6000F2677 /* TRPerson.swift in Sources */ = {isa = PBXBuildFile; fileRef = 7009253E1E8AA0B6000F2677 /* TRPerson.swift */; };
		700925411E8AA0B6000F2677 /* TRSex.swift in Sources */ = {isa = PBXBuildFile; fileRef = 7009253F1E8AA0B6000F2677 /* TRSex.swift */; };
		EF4B307F2B993578253CF3C6 /* Pods_Sample.framework in Frameworks */ = {isa = PBXBuildFile; fileRef = 8A782E7C0271E153B5440020 /* Pods_Sample.framework */; };
/* End PBXBuildFile section */

/* Begin PBXFileReference section */
		700925251E8A9D93000F2677 /* Sample.app */ = {isa = PBXFileReference; explicitFileType = wrapper.application; includeInIndex = 0; path = Sample.app; sourceTree = BUILT_PRODUCTS_DIR; };
		700925281E8A9D93000F2677 /* AppDelegate.swift */ = {isa = PBXFileReference; lastKnownFileType = sourcecode.swift; path = AppDelegate.swift; sourceTree = "<group>"; };
		7009252A1E8A9D93000F2677 /* ViewController.swift */ = {isa = PBXFileReference; lastKnownFileType = sourcecode.swift; path = ViewController.swift; sourceTree = "<group>"; };
		7009252D1E8A9D93000F2677 /* Base */ = {isa = PBXFileReference; lastKnownFileType = file.storyboard; name = Base; path = Base.lproj/Main.storyboard; sourceTree = "<group>"; };
		7009252F1E8A9D93000F2677 /* Assets.xcassets */ = {isa = PBXFileReference; lastKnownFileType = folder.assetcatalog; path = Assets.xcassets; sourceTree = "<group>"; };
		700925321E8A9D93000F2677 /* Base */ = {isa = PBXFileReference; lastKnownFileType = file.storyboard; name = Base; path = Base.lproj/LaunchScreen.storyboard; sourceTree = "<group>"; };
		700925341E8A9D93000F2677 /* Info.plist */ = {isa = PBXFileReference; lastKnownFileType = text.plist.xml; path = Info.plist; sourceTree = "<group>"; };
		7009253E1E8AA0B6000F2677 /* TRPerson.swift */ = {isa = PBXFileReference; fileEncoding = 4; lastKnownFileType = sourcecode.swift; path = TRPerson.swift; sourceTree = "<group>"; };
		7009253F1E8AA0B6000F2677 /* TRSex.swift */ = {isa = PBXFileReference; fileEncoding = 4; lastKnownFileType = sourcecode.swift; path = TRSex.swift; sourceTree = "<group>"; };
		81BC048843188DA3F187E1B1 /* Pods-Sample.release.xcconfig */ = {isa = PBXFileReference; includeInIndex = 1; lastKnownFileType = text.xcconfig; name = "Pods-Sample.release.xcconfig"; path = "Pods/Target Support Files/Pods-Sample/Pods-Sample.release.xcconfig"; sourceTree = "<group>"; };
		8A782E7C0271E153B5440020 /* Pods_Sample.framework */ = {isa = PBXFileReference; explicitFileType = wrapper.framework; includeInIndex = 0; path = Pods_Sample.framework; sourceTree = BUILT_PRODUCTS_DIR; };
		DDD39E2B43D42241793CB8B7 /* Pods-Sample.debug.xcconfig */ = {isa = PBXFileReference; includeInIndex = 1; lastKnownFileType = text.xcconfig; name = "Pods-Sample.debug.xcconfig"; path = "Pods/Target Support Files/Pods-Sample/Pods-Sample.debug.xcconfig"; sourceTree = "<group>"; };
/* End PBXFileReference section */

/* Begin PBXFrameworksBuildPhase section */
		700925221E8A9D93000F2677 /* Frameworks */ = {
			isa = PBXFrameworksBuildPhase;
			buildActionMask = 2147483647;
			files = (
				EF4B307F2B993578253CF3C6 /* Pods_Sample.framework in Frameworks */,
			);
			runOnlyForDeploymentPostprocessing = 0;
		};
/* End PBXFrameworksBuildPhase section */

/* Begin PBXGroup section */
		57BD084A7C672AAA771B3ADC /* Frameworks */ = {
			isa = PBXGroup;
			children = (
				8A782E7C0271E153B5440020 /* Pods_Sample.framework */,
			);
			name = Frameworks;
			sourceTree = "<group>";
		};
		7009251C1E8A9D93000F2677 = {
			isa = PBXGroup;
			children = (
				700925271E8A9D93000F2677 /* Sample */,
				7009253C1E8AA0B6000F2677 /* TRPC */,
				700925261E8A9D93000F2677 /* Products */,
				E3E563DE0661E704FC9315CE /* Pods */,
				57BD084A7C672AAA771B3ADC /* Frameworks */,
			);
			sourceTree = "<group>";
		};
		700925261E8A9D93000F2677 /* Products */ = {
			isa = PBXGroup;
			children = (
				700925251E8A9D93000F2677 /* Sample.app */,
			);
			name = Products;
			sourceTree = "<group>";
		};
		700925271E8A9D93000F2677 /* Sample */ = {
			isa = PBXGroup;
			children = (
				700925281E8A9D93000F2677 /* AppDelegate.swift */,
				7009252A1E8A9D93000F2677 /* ViewController.swift */,
				7009252C1E8A9D93000F2677 /* Main.storyboard */,
				7009252F1E8A9D93000F2677 /* Assets.xcassets */,
				700925311E8A9D93000F2677 /* LaunchScreen.storyboard */,
				700925341E8A9D93000F2677 /* Info.plist */,
			);
			path = Sample;
			sourceTree = "<group>";
		};
		7009253C1E8AA0B6000F2677 /* TRPC */ = {
			isa = PBXGroup;
			children = (
				7009253D1E8AA0B6000F2677 /* Greet */,
			);
			path = TRPC;
			sourceTree = "<group>";
		};
		7009253D1E8AA0B6000F2677 /* Greet */ = {
			isa = PBXGroup;
			children = (
				7009253E1E8AA0B6000F2677 /* TRPerson.swift */,
				7009253F1E8AA0B6000F2677 /* TRSex.swift */,
			);
			path = Greet;
			sourceTree = "<group>";
		};
		E3E563DE0661E704FC9315CE /* Pods */ = {
			isa = PBXGroup;
			children = (
				DDD39E2B43D42241793CB8B7 /* Pods-Sample.debug.xcconfig */,
				81BC048843188DA3F187E1B1 /* Pods-Sample.release.xcconfig */,
			);
			name = Pods;
			sourceTree = "<group>";
		};
/* End PBXGroup section */

/* Begin PBXNativeTarget section */
		700925241E8A9D93000F2677 /* Sample */ = {
			isa = PBXNativeTarget;
			buildConfigurationList = 700925371E8A9D93000F2677 /* Build configuration list for PBXNativeTarget "Sample" */;
			buildPhases = (
				5E31BEDFC5265D9715BB1446 /* [CP] Check Pods Manifest.lock */,
				700925211E8A9D93000F2677 /* Sources */,
				700925221E8A9D93000F2677 /* Frameworks */,
				700925231E8A9D93000F2677 /* Resources */,
				443658E340BB54B4CEE857E5 /* [CP] Embed Pods Frameworks */,
				E3BCA52C33832B754368833F /* [CP] Copy Pods Resources */,
			);
			buildRules = (
			);
			dependencies = (
			);
			name = Sample;
			productName = Sample;
			productReference = 700925251E8A9D93000F2677 /* Sample.app */;
			productType = "com.apple.product-type.application";
		};
/* End PBXNativeTarget section */

/* Begin PBXProject section */
		7009251D1E8A9D93000F2677 /* Project object */ = {
			isa = PBXProject;
			attributes = {
				LastSwiftUpdateCheck = 0830;
				LastUpgradeCheck = 0900;
				ORGANIZATIONNAME = Arror;
				TargetAttributes = {
					700925241E8A9D93000F2677 = {
						CreatedOnToolsVersion = 8.3;
						LastSwiftMigration = 0900;
						ProvisioningStyle = Automatic;
					};
				};
			};
			buildConfigurationList = 700925201E8A9D93000F2677 /* Build configuration list for PBXProject "Sample" */;
			compatibilityVersion = "Xcode 3.2";
			developmentRegion = English;
			hasScannedForEncodings = 0;
			knownRegions = (
				en,
				Base,
			);
			mainGroup = 7009251C1E8A9D93000F2677;
			productRefGroup = 700925261E8A9D93000F2677 /* Products */;
			projectDirPath = "";
			projectRoot = "";
			targets = (
				700925241E8A9D93000F2677 /* Sample */,
			);
		};
/* End PBXProject section */

/* Begin PBXResourcesBuildPhase section */
		700925231E8A9D93000F2677 /* Resources */ = {
			isa = PBXResourcesBuildPhase;
			buildActionMask = 2147483647;
			files = (
				700925331E8A9D93000F2677 /* LaunchScreen.storyboard in Resources */,
				700925301E8A9D93000F2677 /* Assets.xcassets in Resources */,
				7009252E1E8A9D93000F2677 /* Main.storyboard in Resources */,
			);
			runOnlyForDeploymentPostprocessing = 0;
		};
/* End PBXResourcesBuildPhase section */

/* Begin PBXShellScriptBuildPhase section */
		443658E340BB54B4CEE857E5 /* [CP] Embed Pods Frameworks */ = {
			isa = PBXShellScriptBuildPhase;
			buildActionMask = 2147483647;
			files = (
			);
			inputPaths = (
			);
			name = "[CP] Embed Pods Frameworks";
			outputPaths = (
			);
			runOnlyForDeploymentPostprocessing = 0;
			shellPath = /bin/sh;
			shellScript = "\"${SRCROOT}/Pods/Target Support Files/Pods-Sample/Pods-Sample-frameworks.sh\"\n";
			showEnvVarsInLog = 0;
		};
		5E31BEDFC5265D9715BB1446 /* [CP] Check Pods Manifest.lock */ = {
			isa = PBXShellScriptBuildPhase;
			buildActionMask = 2147483647;
			files = (
			);
			inputPaths = (
			);
			name = "[CP] Check Pods Manifest.lock";
			outputPaths = (
			);
			runOnlyForDeploymentPostprocessing = 0;
			shellPath = /bin/sh;
			shellScript = "diff \"${PODS_PODFILE_DIR_PATH}/Podfile.lock\" \"${PODS_ROOT}/Manifest.lock\" > /dev/null\nif [ $? != 0 ] ; then\n    # print error to STDERR\n    echo \"error: The sandbox is not in sync with the Podfile.lock. Run 'pod install' or update your CocoaPods installation.\" >&2\n    exit 1\nfi\n";
			showEnvVarsInLog = 0;
		};
		E3BCA52C33832B754368833F /* [CP] Copy Pods Resources */ = {
			isa = PBXShellScriptBuildPhase;
			buildActionMask = 2147483647;
			files = (
			);
			inputPaths = (
			);
			name = "[CP] Copy Pods Resources";
			outputPaths = (
			);
			runOnlyForDeploymentPostprocessing = 0;
			shellPath = /bin/sh;
			shellScript = "\"${SRCROOT}/Pods/Target Support Files/Pods-Sample/Pods-Sample-resources.sh\"\n";
			showEnvVarsInLog = 0;
		};
/* End PBXShellScriptBuildPhase section */

/* Begin PBXSourcesBuildPhase section */
		700925211E8A9D93000F2677 /* Sources */ = {
			isa = PBXSourcesBuildPhase;
			buildActionMask = 2147483647;
			files = (
				700925411E8AA0B6000F2677 /* TRSex.swift in Sources */,
				7009252B1E8A9D93000F2677 /* ViewController.swift in Sources */,
				700925291E8A9D93000F2677 /* AppDelegate.swift in Sources */,
				700925401E8AA0B6000F2677 /* TRPerson.swift in Sources */,
			);
			runOnlyForDeploymentPostprocessing = 0;
		};
/* End PBXSourcesBuildPhase section */

/* Begin PBXVariantGroup section */
		7009252C1E8A9D93000F2677 /* Main.storyboard */ = {
			isa = PBXVariantGroup;
			children = (
				7009252D1E8A9D93000F2677 /* Base */,
			);
			name = Main.storyboard;
			sourceTree = "<group>";
		};
		700925311E8A9D93000F2677 /* LaunchScreen.storyboard */ = {
			isa = PBXVariantGroup;
			children = (
				700925321E8A9D93000F2677 /* Base */,
			);
			name = LaunchScreen.storyboard;
			sourceTree = "<group>";
		};
/* End PBXVariantGroup section */

/* Begin XCBuildConfiguration section */
		700925351E8A9D93000F2677 /* Debug */ = {
			isa = XCBuildConfiguration;
			buildSettings = {
				ALWAYS_SEARCH_USER_PATHS = NO;
				CLANG_ANALYZER_NONNULL = YES;
				CLANG_ANALYZER_NUMBER_OBJECT_CONVERSION = YES_AGGRESSIVE;
				CLANG_CXX_LANGUAGE_STANDARD = "gnu++0x";
				CLANG_CXX_LIBRARY = "libc++";
				CLANG_ENABLE_MODULES = YES;
				CLANG_ENABLE_OBJC_ARC = YES;
				CLANG_WARN_BLOCK_CAPTURE_AUTORELEASING = YES;
				CLANG_WARN_BOOL_CONVERSION = YES;
				CLANG_WARN_COMMA = YES;
				CLANG_WARN_CONSTANT_CONVERSION = YES;
				CLANG_WARN_DIRECT_OBJC_ISA_USAGE = YES_ERROR;
				CLANG_WARN_DOCUMENTATION_COMMENTS = YES;
				CLANG_WARN_EMPTY_BODY = YES;
				CLANG_WARN_ENUM_CONVERSION = YES;
				CLANG_WARN_INFINITE_RECURSION = YES;
				CLANG_WARN_INT_CONVERSION = YES;
				CLANG_WARN_NON_LITERAL_NULL_CONVERSION = YES;
				CLANG_WARN_OBJC_LITERAL_CONVERSION = YES;
				CLANG_WARN_OBJC_ROOT_CLASS = YES_ERROR;
				CLANG_WARN_RANGE_LOOP_ANALYSIS = YES;
				CLANG_WARN_STRICT_PROTOTYPES = YES;
				CLANG_WARN_SUSPICIOUS_MOVE = YES;
				CLANG_WARN_UNREACHABLE_CODE = YES;
				CLANG_WARN__DUPLICATE_METHOD_MATCH = YES;
				"CODE_SIGN_IDENTITY[sdk=iphoneos*]" = "iPhone Developer";
				COPY_PHASE_STRIP = NO;
				DEBUG_INFORMATION_FORMAT = dwarf;
				ENABLE_STRICT_OBJC_MSGSEND = YES;
				ENABLE_TESTABILITY = YES;
				GCC_C_LANGUAGE_STANDARD = gnu99;
				GCC_DYNAMIC_NO_PIC = NO;
				GCC_NO_COMMON_BLOCKS = YES;
				GCC_OPTIMIZATION_LEVEL = 0;
				GCC_PREPROCESSOR_DEFINITIONS = (
					"DEBUG=1",
					"$(inherited)",
				);
				GCC_WARN_64_TO_32_BIT_CONVERSION = YES;
				GCC_WARN_ABOUT_RETURN_TYPE = YES_ERROR;
				GCC_WARN_UNDECLARED_SELECTOR = YES;
				GCC_WARN_UNINITIALIZED_AUTOS = YES_AGGRESSIVE;
				GCC_WARN_UNUSED_FUNCTION = YES;
				GCC_WARN_UNUSED_VARIABLE = YES;
				IPHONEOS_DEPLOYMENT_TARGET = 10.3;
				MTL_ENABLE_DEBUG_INFO = YES;
				ONLY_ACTIVE_ARCH = YES;
				SDKROOT = iphoneos;
				SWIFT_ACTIVE_COMPILATION_CONDITIONS = DEBUG;
				SWIFT_OPTIMIZATION_LEVEL = "-Onone";
			};
			name = Debug;
		};
		700925361E8A9D93000F2677 /* Release */ = {
			isa = XCBuildConfiguration;
			buildSettings = {
				ALWAYS_SEARCH_USER_PATHS = NO;
				CLANG_ANALYZER_NONNULL = YES;
				CLANG_ANALYZER_NUMBER_OBJECT_CONVERSION = YES_AGGRESSIVE;
				CLANG_CXX_LANGUAGE_STANDARD = "gnu++0x";
				CLANG_CXX_LIBRARY = "libc++";
				CLANG_ENABLE_MODULES = YES;
				CLANG_ENABLE_OBJC_ARC = YES;
				CLANG_WARN_BLOCK_CAPTURE_AUTORELEASING = YES;
				CLANG_WARN_BOOL_CONVERSION = YES;
				CLANG_WARN_COMMA = YES;
				CLANG_WARN_CONSTANT_CONVERSION = YES;
				CLANG_WARN_DIRECT_OBJC_ISA_USAGE = YES_ERROR;
				CLANG_WARN_DOCUMENTATION_COMMENTS = YES;
				CLANG_WARN_EMPTY_BODY = YES;
				CLANG_WARN_ENUM_CONVERSION = YES;
				CLANG_WARN_INFINITE_RECURSION = YES;
				CLANG_WARN_INT_CONVERSION = YES;
				CLANG_WARN_NON_LITERAL_NULL_CONVERSION = YES;
				CLANG_WARN_OBJC_LITERAL_CONVERSION = YES;
				CLANG_WARN_OBJC_ROOT_CLASS = YES_ERROR;
				CLANG_WARN_RANGE_LOOP_ANALYSIS = YES;
				CLANG_WARN_STRICT_PROTOTYPES = YES;
				CLANG_WARN_SUSPICIOUS_MOVE = YES;
				CLANG_WARN_UNREACHABLE_CODE = YES;
				CLANG_WARN__DUPLICATE_METHOD_MATCH = YES;
				"CODE_SIGN_IDENTITY[sdk=iphoneos*]" = "iPhone Developer";
				COPY_PHASE_STRIP = NO;
				DEBUG_INFORMATION_FORMAT = "dwarf-with-dsym";
				ENABLE_NS_ASSERTIONS = NO;
				ENABLE_STRICT_OBJC_MSGSEND = YES;
				GCC_C_LANGUAGE_STANDARD = gnu99;
				GCC_NO_COMMON_BLOCKS = YES;
				GCC_WARN_64_TO_32_BIT_CONVERSION = YES;
				GCC_WARN_ABOUT_RETURN_TYPE = YES_ERROR;
				GCC_WARN_UNDECLARED_SELECTOR = YES;
				GCC_WARN_UNINITIALIZED_AUTOS = YES_AGGRESSIVE;
				GCC_WARN_UNUSED_FUNCTION = YES;
				GCC_WARN_UNUSED_VARIABLE = YES;
				IPHONEOS_DEPLOYMENT_TARGET = 10.3;
				MTL_ENABLE_DEBUG_INFO = NO;
				SDKROOT = iphoneos;
				SWIFT_OPTIMIZATION_LEVEL = "-Owholemodule";
				VALIDATE_PRODUCT = YES;
			};
			name = Release;
		};
		700925381E8A9D93000F2677 /* Debug */ = {
			isa = XCBuildConfiguration;
			baseConfigurationReference = DDD39E2B43D42241793CB8B7 /* Pods-Sample.debug.xcconfig */;
			buildSettings = {
				ASSETCATALOG_COMPILER_APPICON_NAME = AppIcon;
				INFOPLIST_FILE = Sample/Info.plist;
				LD_RUNPATH_SEARCH_PATHS = "$(inherited) @executable_path/Frameworks";
				PRODUCT_BUNDLE_IDENTIFIER = com.Arror.Sample;
				PRODUCT_NAME = "$(TARGET_NAME)";
				SWIFT_SWIFT3_OBJC_INFERENCE = Off;
				SWIFT_VERSION = 4.0;
			};
			name = Debug;
		};
		700925391E8A9D93000F2677 /* Release */ = {
			isa = XCBuildConfiguration;
			baseConfigurationReference = 81BC048843188DA3F187E1B1 /* Pods-Sample.release.xcconfig */;
			buildSettings = {
				ASSETCATALOG_COMPILER_APPICON_NAME = AppIcon;
				INFOPLIST_FILE = Sample/Info.plist;
				LD_RUNPATH_SEARCH_PATHS = "$(inherited) @executable_path/Frameworks";
				PRODUCT_BUNDLE_IDENTIFIER = com.Arror.Sample;
				PRODUCT_NAME = "$(TARGET_NAME)";
				SWIFT_SWIFT3_OBJC_INFERENCE = Off;
				SWIFT_VERSION = 4.0;
			};
			name = Release;
		};
/* End XCBuildConfiguration section */

/* Begin XCConfigurationList section */
		700925201E8A9D93000F2677 /* Build configuration list for PBXProject "Sample" */ = {
			isa = XCConfigurationList;
			buildConfigurations = (
				700925351E8A9D93000F2677 /* Debug */,
				700925361E8A9D93000F2677 /* Release */,
			);
			defaultConfigurationIsVisible = 0;
			defaultConfigurationName = Release;
		};
		700925371E8A9D93000F2677 /* Build configuration list for PBXNativeTarget "Sample" */ = {
			isa = XCConfigurationList;
			buildConfigurations = (
				700925381E8A9D93000F2677 /* Debug */,
				700925391E8A9D93000F2677 /* Release */,
			);
			defaultConfigurationIsVisible = 0;
			defaultConfigurationName = Release;
		};
/* End XCConfigurationList section */
	};
	rootObject = 7009251D1E8A9D93000F2677 /* Project object */;
}
