PODS:
  - Mappable (0.0.2)

DEPENDENCIES:
  - Mappable (from `../../SwiftJSONMapping`)

EXTERNAL SOURCES:
  Mappable:
    :path: ../../SwiftJSONMapping

SPEC CHECKSUMS:
  Mappable: d8107ec2b8f45fc70a1ba111722e4a89b69a66d7

PODFILE CHECKSUM: 9615484783e12fbec24b50d292c0df50d06a9b6d

COCOAPODS: 1.2.1
